{
  "name": "officialmortgage_ai_bridge_v2",
  "version": "2.0.0",
  "description": "Official Mortgage — Liv AI Bridge v2 (Twilio Voice + OpenAI + ElevenLabs + LIV BRAIN v4 + SMS/email follow-up)",
  "main": "index.js",
  "scripts": {
    "start": "node index.js",
    "dev": "nodemon index.js"
  },
  "keywords": [
    "twilio",
    "openai",
    "elevenlabs",
    "official-mortgage",
    "liv-ai"
  ],
  "author": "Official Mortgage",
  "license": "MIT",
  "dependencies": {
    "body-parser": "^1.20.3",
    "dotenv": "^16.4.5",
    "express": "^4.21.1",
    "node-fetch": "^2.7.0",
    "openai": "^4.58.1",
    "twilio": "^5.3.3"
  },
  "devDependencies": {
    "nodemon": "^3.1.7"
  }
}
